
Microsoft Visual Studio Solution File, Format Version 12.00
# Visual Studio Version 16
VisualStudioVersion = 16.0.30804.86
MinimumVisualStudioVersion = 10.0.40219.1
Project("{FAE04EC0-301F-11D3-BF4B-00C04F79EFBC}") = "Lab1_Barcode", "Lab1_Barcode\Lab1_Barcode.csproj", "{2DDA05AA-05A3-4E23-983F-B75C3A8A0477}"
EndProject
Global
	GlobalSection(SolutionConfigurationPlatforms) = preSolution
		Debug|Any CPU = Debug|Any CPU
		Release|Any CPU = Release|Any CPU
	EndGlobalSection
	GlobalSection(ProjectConfigurationPlatforms) = postSolution
		{2DDA05AA-05A3-4E23-983F-B75C3A8A0477}.Debug|Any CPU.ActiveCfg = Debug|Any CPU
		{2DDA05AA-05A3-4E23-983F-B75C3A8A0477}.Debug|Any CPU.Build.0 = Debug|Any CPU
		{2DDA05AA-05A3-4E23-983F-B75C3A8A0477}.Release|Any CPU.ActiveCfg = Release|Any CPU
		{2DDA05AA-05A3-4E23-983F-B75C3A8A0477}.Release|Any CPU.Build.0 = Release|Any CPU
	EndGlobalSection
	GlobalSection(SolutionProperties) = preSolution
		HideSolutionNode = FALSE
	EndGlobalSection
	GlobalSection(ExtensibilityGlobals) = postSolution
		SolutionGuid = {EEDC18DB-043E-4B18-A24F-01B13562E7A2}
	EndGlobalSection
EndGlobal
